// !$*UTF8*$!
{
	archiveVersion = 1;
	classes = {
	};
	objectVersion = 46;
	objects = {

/* Begin PBXBuildFile section */
		060B1CCE1D27449C00C8D8B7 /* YHEssenceViewController.m in Sources */ = {isa = PBXBuildFile; fileRef = 060B1CAB1D27449C00C8D8B7 /* YHEssenceViewController.m */; };
		060B1CCF1D27449C00C8D8B7 /* YHFollowViewController.m in Sources */ = {isa = PBXBuildFile; fileRef = 060B1CB11D27449C00C8D8B7 /* YHFollowViewController.m */; };
		060B1CD01D27449C00C8D8B7 /* YHMeViewController.m in Sources */ = {isa = PBXBuildFile; fileRef = 060B1CB71D27449C00C8D8B7 /* YHMeViewController.m */; };
		060B1CD11D27449C00C8D8B7 /* YHNewViewController.m in Sources */ = {isa = PBXBuildFile; fileRef = 060B1CBD1D27449C00C8D8B7 /* YHNewViewController.m */; };
		060B1CD21D27449C00C8D8B7 /* AppDelegate.m in Sources */ = {isa = PBXBuildFile; fileRef = 060B1CC21D27449C00C8D8B7 /* AppDelegate.m */; };
		060B1CD31D27449C00C8D8B7 /* UIView+Extension.m in Sources */ = {isa = PBXBuildFile; fileRef = 060B1CC51D27449C00C8D8B7 /* UIView+Extension.m */; };
		060B1CD41D27449C00C8D8B7 /* YHTabBarController.m in Sources */ = {isa = PBXBuildFile; fileRef = 060B1CC81D27449C00C8D8B7 /* YHTabBarController.m */; };
		060B1CD51D27449C00C8D8B7 /* main.m in Sources */ = {isa = PBXBuildFile; fileRef = 060B1CC91D27449C00C8D8B7 /* main.m */; };
		060B1CD61D27449C00C8D8B7 /* YHTabBar.m in Sources */ = {isa = PBXBuildFile; fileRef = 060B1CCD1D27449C00C8D8B7 /* YHTabBar.m */; };
		060B1CDA1D2752CC00C8D8B7 /* UIBarButtonItem+YHExtension.m in Sources */ = {isa = PBXBuildFile; fileRef = 060B1CD91D2752CC00C8D8B7 /* UIBarButtonItem+YHExtension.m */; };
		064768121D2BAE2F00A22415 /* YHLoginRegisterViewController.m in Sources */ = {isa = PBXBuildFile; fileRef = 064768101D2BAE2F00A22415 /* YHLoginRegisterViewController.m */; };
		064768131D2BAE2F00A22415 /* YHLoginRegisterViewController.xib in Resources */ = {isa = PBXBuildFile; fileRef = 064768111D2BAE2F00A22415 /* YHLoginRegisterViewController.xib */; };
		064768161D2BB05C00A22415 /* YHUIButton.m in Sources */ = {isa = PBXBuildFile; fileRef = 064768151D2BB05C00A22415 /* YHUIButton.m */; };
		068461151D2E99D3007C7644 /* YHFollowViewController.xib in Resources */ = {isa = PBXBuildFile; fileRef = 068461141D2E99D3007C7644 /* YHFollowViewController.xib */; };
		06F431DC1D1C25D2003D41E1 /* Assets.xcassets in Resources */ = {isa = PBXBuildFile; fileRef = 06F431DB1D1C25D2003D41E1 /* Assets.xcassets */; };
		06F431EA1D1C25D2003D41E1 /* _____Tests.m in Sources */ = {isa = PBXBuildFile; fileRef = 06F431E91D1C25D2003D41E1 /* _____Tests.m */; };
		06F431F51D1C25D2003D41E1 /* _____UITests.m in Sources */ = {isa = PBXBuildFile; fileRef = 06F431F41D1C25D2003D41E1 /* _____UITests.m */; };
		06F8E1C01D28A91F002BF218 /* YHRecommentFollowViewController.m in Sources */ = {isa = PBXBuildFile; fileRef = 06F8E1BF1D28A91F002BF218 /* YHRecommentFollowViewController.m */; };
		06F8E1C31D28B6F4002BF218 /* YHNavigationController.m in Sources */ = {isa = PBXBuildFile; fileRef = 06F8E1C21D28B6F4002BF218 /* YHNavigationController.m */; };
/* End PBXBuildFile section */

/* Begin PBXContainerItemProxy section */
		06F431E61D1C25D2003D41E1 /* PBXContainerItemProxy */ = {
			isa = PBXContainerItemProxy;
			containerPortal = 06F431C41D1C25D2003D41E1 /* Project object */;
			proxyType = 1;
			remoteGlobalIDString = 06F431CB1D1C25D2003D41E1;
			remoteInfo = "百思不得姐";
		};
		06F431F11D1C25D2003D41E1 /* PBXContainerItemProxy */ = {
			isa = PBXContainerItemProxy;
			containerPortal = 06F431C41D1C25D2003D41E1 /* Project object */;
			proxyType = 1;
			remoteGlobalIDString = 06F431CB1D1C25D2003D41E1;
			remoteInfo = "百思不得姐";
		};
/* End PBXContainerItemProxy section */

/* Begin PBXFileReference section */
		060B1CAA1D27449C00C8D8B7 /* YHEssenceViewController.h */ = {isa = PBXFileReference; fileEncoding = 4; lastKnownFileType = sourcecode.c.h; path = YHEssenceViewController.h; sourceTree = "<group>"; };
		060B1CAB1D27449C00C8D8B7 /* YHEssenceViewController.m */ = {isa = PBXFileReference; fileEncoding = 4; lastKnownFileType = sourcecode.c.objc; path = YHEssenceViewController.m; sourceTree = "<group>"; };
		060B1CB01D27449C00C8D8B7 /* YHFollowViewController.h */ = {isa = PBXFileReference; fileEncoding = 4; lastKnownFileType = sourcecode.c.h; path = YHFollowViewController.h; sourceTree = "<group>"; };
		060B1CB11D27449C00C8D8B7 /* YHFollowViewController.m */ = {isa = PBXFileReference; fileEncoding = 4; lastKnownFileType = sourcecode.c.objc; path = YHFollowViewController.m; sourceTree = "<group>"; };
		060B1CB61D27449C00C8D8B7 /* YHMeViewController.h */ = {isa = PBXFileReference; fileEncoding = 4; lastKnownFileType = sourcecode.c.h; path = YHMeViewController.h; sourceTree = "<group>"; };
		060B1CB71D27449C00C8D8B7 /* YHMeViewController.m */ = {isa = PBXFileReference; fileEncoding = 4; lastKnownFileType = sourcecode.c.objc; path = YHMeViewController.m; sourceTree = "<group>"; };
		060B1CBC1D27449C00C8D8B7 /* YHNewViewController.h */ = {isa = PBXFileReference; fileEncoding = 4; lastKnownFileType = sourcecode.c.h; path = YHNewViewController.h; sourceTree = "<group>"; };
		060B1CBD1D27449C00C8D8B7 /* YHNewViewController.m */ = {isa = PBXFileReference; fileEncoding = 4; lastKnownFileType = sourcecode.c.objc; path = YHNewViewController.m; sourceTree = "<group>"; };
		060B1CC11D27449C00C8D8B7 /* AppDelegate.h */ = {isa = PBXFileReference; fileEncoding = 4; lastKnownFileType = sourcecode.c.h; path = AppDelegate.h; sourceTree = "<group>"; };
		060B1CC21D27449C00C8D8B7 /* AppDelegate.m */ = {isa = PBXFileReference; fileEncoding = 4; lastKnownFileType = sourcecode.c.objc; path = AppDelegate.m; sourceTree = "<group>"; };
		060B1CC41D27449C00C8D8B7 /* UIView+Extension.h */ = {isa = PBXFileReference; fileEncoding = 4; lastKnownFileType = sourcecode.c.h; path = "UIView+Extension.h"; sourceTree = "<group>"; };
		060B1CC51D27449C00C8D8B7 /* UIView+Extension.m */ = {isa = PBXFileReference; fileEncoding = 4; lastKnownFileType = sourcecode.c.objc; path = "UIView+Extension.m"; sourceTree = "<group>"; };
		060B1CC71D27449C00C8D8B7 /* YHTabBarController.h */ = {isa = PBXFileReference; fileEncoding = 4; lastKnownFileType = sourcecode.c.h; path = YHTabBarController.h; sourceTree = "<group>"; };
		060B1CC81D27449C00C8D8B7 /* YHTabBarController.m */ = {isa = PBXFileReference; fileEncoding = 4; lastKnownFileType = sourcecode.c.objc; path = YHTabBarController.m; sourceTree = "<group>"; };
		060B1CC91D27449C00C8D8B7 /* main.m */ = {isa = PBXFileReference; fileEncoding = 4; lastKnownFileType = sourcecode.c.objc; path = main.m; sourceTree = "<group>"; };
		060B1CCA1D27449C00C8D8B7 /* PrefixHeader.pch */ = {isa = PBXFileReference; fileEncoding = 4; lastKnownFileType = sourcecode.c.h; path = PrefixHeader.pch; sourceTree = "<group>"; };
		060B1CCC1D27449C00C8D8B7 /* YHTabBar.h */ = {isa = PBXFileReference; fileEncoding = 4; lastKnownFileType = sourcecode.c.h; path = YHTabBar.h; sourceTree = "<group>"; };
		060B1CCD1D27449C00C8D8B7 /* YHTabBar.m */ = {isa = PBXFileReference; fileEncoding = 4; lastKnownFileType = sourcecode.c.objc; path = YHTabBar.m; sourceTree = "<group>"; };
		060B1CD81D2752CC00C8D8B7 /* UIBarButtonItem+YHExtension.h */ = {isa = PBXFileReference; fileEncoding = 4; lastKnownFileType = sourcecode.c.h; path = "UIBarButtonItem+YHExtension.h"; sourceTree = "<group>"; };
		060B1CD91D2752CC00C8D8B7 /* UIBarButtonItem+YHExtension.m */ = {isa = PBXFileReference; fileEncoding = 4; lastKnownFileType = sourcecode.c.objc; path = "UIBarButtonItem+YHExtension.m"; sourceTree = "<group>"; };
		0647680F1D2BAE2F00A22415 /* YHLoginRegisterViewController.h */ = {isa = PBXFileReference; fileEncoding = 4; lastKnownFileType = sourcecode.c.h; path = YHLoginRegisterViewController.h; sourceTree = "<group>"; };
		064768101D2BAE2F00A22415 /* YHLoginRegisterViewController.m */ = {isa = PBXFileReference; fileEncoding = 4; lastKnownFileType = sourcecode.c.objc; path = YHLoginRegisterViewController.m; sourceTree = "<group>"; };
		064768111D2BAE2F00A22415 /* YHLoginRegisterViewController.xib */ = {isa = PBXFileReference; fileEncoding = 4; lastKnownFileType = file.xib; path = YHLoginRegisterViewController.xib; sourceTree = "<group>"; };
		064768141D2BB05C00A22415 /* YHUIButton.h */ = {isa = PBXFileReference; fileEncoding = 4; lastKnownFileType = sourcecode.c.h; path = YHUIButton.h; sourceTree = "<group>"; };
		064768151D2BB05C00A22415 /* YHUIButton.m */ = {isa = PBXFileReference; fileEncoding = 4; lastKnownFileType = sourcecode.c.objc; path = YHUIButton.m; sourceTree = "<group>"; };
		068461141D2E99D3007C7644 /* YHFollowViewController.xib */ = {isa = PBXFileReference; fileEncoding = 4; lastKnownFileType = file.xib; path = YHFollowViewController.xib; sourceTree = "<group>"; };
		06F431CC1D1C25D2003D41E1 /* 百思不得姐.app */ = {isa = PBXFileReference; explicitFileType = wrapper.application; includeInIndex = 0; path = "百思不得姐.app"; sourceTree = BUILT_PRODUCTS_DIR; };
		06F431DB1D1C25D2003D41E1 /* Assets.xcassets */ = {isa = PBXFileReference; lastKnownFileType = folder.assetcatalog; path = Assets.xcassets; sourceTree = "<group>"; };
		06F431E01D1C25D2003D41E1 /* Info.plist */ = {isa = PBXFileReference; lastKnownFileType = text.plist.xml; path = Info.plist; sourceTree = "<group>"; };
		06F431E51D1C25D2003D41E1 /* 百思不得姐Tests.xctest */ = {isa = PBXFileReference; explicitFileType = wrapper.cfbundle; includeInIndex = 0; path = "百思不得姐Tests.xctest"; sourceTree = BUILT_PRODUCTS_DIR; };
		06F431E91D1C25D2003D41E1 /* _____Tests.m */ = {isa = PBXFileReference; lastKnownFileType = sourcecode.c.objc; path = "_____Tests.m"; sourceTree = "<group>"; };
		06F431EB1D1C25D2003D41E1 /* Info.plist */ = {isa = PBXFileReference; lastKnownFileType = text.plist.xml; path = Info.plist; sourceTree = "<group>"; };
		06F431F01D1C25D2003D41E1 /* 百思不得姐UITests.xctest */ = {isa = PBXFileReference; explicitFileType = wrapper.cfbundle; includeInIndex = 0; path = "百思不得姐UITests.xctest"; sourceTree = BUILT_PRODUCTS_DIR; };
		06F431F41D1C25D2003D41E1 /* _____UITests.m */ = {isa = PBXFileReference; lastKnownFileType = sourcecode.c.objc; path = "_____UITests.m"; sourceTree = "<group>"; };
		06F431F61D1C25D2003D41E1 /* Info.plist */ = {isa = PBXFileReference; lastKnownFileType = text.plist.xml; path = Info.plist; sourceTree = "<group>"; };
		06F8E1BE1D28A91F002BF218 /* YHRecommentFollowViewController.h */ = {isa = PBXFileReference; fileEncoding = 4; lastKnownFileType = sourcecode.c.h; path = YHRecommentFollowViewController.h; sourceTree = "<group>"; };
		06F8E1BF1D28A91F002BF218 /* YHRecommentFollowViewController.m */ = {isa = PBXFileReference; fileEncoding = 4; lastKnownFileType = sourcecode.c.objc; path = YHRecommentFollowViewController.m; sourceTree = "<group>"; };
		06F8E1C11D28B6F4002BF218 /* YHNavigationController.h */ = {isa = PBXFileReference; fileEncoding = 4; lastKnownFileType = sourcecode.c.h; path = YHNavigationController.h; sourceTree = "<group>"; };
		06F8E1C21D28B6F4002BF218 /* YHNavigationController.m */ = {isa = PBXFileReference; fileEncoding = 4; lastKnownFileType = sourcecode.c.objc; path = YHNavigationController.m; sourceTree = "<group>"; };
/* End PBXFileReference section */

/* Begin PBXFrameworksBuildPhase section */
		06F431C91D1C25D2003D41E1 /* Frameworks */ = {
			isa = PBXFrameworksBuildPhase;
			buildActionMask = 2147483647;
			files = (
			);
			runOnlyForDeploymentPostprocessing = 0;
		};
		06F431E21D1C25D2003D41E1 /* Frameworks */ = {
			isa = PBXFrameworksBuildPhase;
			buildActionMask = 2147483647;
			files = (
			);
			runOnlyForDeploymentPostprocessing = 0;
		};
		06F431ED1D1C25D2003D41E1 /* Frameworks */ = {
			isa = PBXFrameworksBuildPhase;
			buildActionMask = 2147483647;
			files = (
			);
			runOnlyForDeploymentPostprocessing = 0;
		};
/* End PBXFrameworksBuildPhase section */

/* Begin PBXGroup section */
		060B1CA71D27449C00C8D8B7 /* Classes */ = {
			isa = PBXGroup;
			children = (
				060B1CA81D27449C00C8D8B7 /* Essence-精华 */,
				060B1CBA1D27449C00C8D8B7 /* New-新帖 */,
				060B1CAE1D27449C00C8D8B7 /* Follow-关注 */,
				060B1CB41D27449C00C8D8B7 /* Me-我 */,
				060B1CC01D27449C00C8D8B7 /* Other-其他 */,
			);
			path = Classes;
			sourceTree = "<group>";
		};
		060B1CA81D27449C00C8D8B7 /* Essence-精华 */ = {
			isa = PBXGroup;
			children = (
				060B1CA91D27449C00C8D8B7 /* Controller */,
				060B1CAC1D27449C00C8D8B7 /* Model */,
				060B1CAD1D27449C00C8D8B7 /* View */,
			);
			path = "Essence-精华";
			sourceTree = "<group>";
		};
		060B1CA91D27449C00C8D8B7 /* Controller */ = {
			isa = PBXGroup;
			children = (
				060B1CAA1D27449C00C8D8B7 /* YHEssenceViewController.h */,
				060B1CAB1D27449C00C8D8B7 /* YHEssenceViewController.m */,
			);
			path = Controller;
			sourceTree = "<group>";
		};
		060B1CAC1D27449C00C8D8B7 /* Model */ = {
			isa = PBXGroup;
			children = (
			);
			path = Model;
			sourceTree = "<group>";
		};
		060B1CAD1D27449C00C8D8B7 /* View */ = {
			isa = PBXGroup;
			children = (
			);
			path = View;
			sourceTree = "<group>";
		};
		060B1CAE1D27449C00C8D8B7 /* Follow-关注 */ = {
			isa = PBXGroup;
			children = (
				060B1CAF1D27449C00C8D8B7 /* Controller */,
				060B1CB21D27449C00C8D8B7 /* Model */,
				060B1CB31D27449C00C8D8B7 /* View */,
			);
			path = "Follow-关注";
			sourceTree = "<group>";
		};
		060B1CAF1D27449C00C8D8B7 /* Controller */ = {
			isa = PBXGroup;
			children = (
				060B1CB01D27449C00C8D8B7 /* YHFollowViewController.h */,
				060B1CB11D27449C00C8D8B7 /* YHFollowViewController.m */,
				068461141D2E99D3007C7644 /* YHFollowViewController.xib */,
				06F8E1BE1D28A91F002BF218 /* YHRecommentFollowViewController.h */,
				06F8E1BF1D28A91F002BF218 /* YHRecommentFollowViewController.m */,
			);
			path = Controller;
			sourceTree = "<group>";
		};
		060B1CB21D27449C00C8D8B7 /* Model */ = {
			isa = PBXGroup;
			children = (
			);
			path = Model;
			sourceTree = "<group>";
		};
		060B1CB31D27449C00C8D8B7 /* View */ = {
			isa = PBXGroup;
			children = (
			);
			path = View;
			sourceTree = "<group>";
		};
		060B1CB41D27449C00C8D8B7 /* Me-我 */ = {
			isa = PBXGroup;
			children = (
				060B1CB51D27449C00C8D8B7 /* Controller */,
				060B1CB81D27449C00C8D8B7 /* Model */,
				060B1CB91D27449C00C8D8B7 /* View */,
			);
			path = "Me-我";
			sourceTree = "<group>";
		};
		060B1CB51D27449C00C8D8B7 /* Controller */ = {
			isa = PBXGroup;
			children = (
				060B1CB61D27449C00C8D8B7 /* YHMeViewController.h */,
				060B1CB71D27449C00C8D8B7 /* YHMeViewController.m */,
			);
			path = Controller;
			sourceTree = "<group>";
		};
		060B1CB81D27449C00C8D8B7 /* Model */ = {
			isa = PBXGroup;
			children = (
			);
			path = Model;
			sourceTree = "<group>";
		};
		060B1CB91D27449C00C8D8B7 /* View */ = {
			isa = PBXGroup;
			children = (
			);
			path = View;
			sourceTree = "<group>";
		};
		060B1CBA1D27449C00C8D8B7 /* New-新帖 */ = {
			isa = PBXGroup;
			children = (
				060B1CBB1D27449C00C8D8B7 /* Controller */,
				060B1CBE1D27449C00C8D8B7 /* Model */,
				060B1CBF1D27449C00C8D8B7 /* View */,
			);
			path = "New-新帖";
			sourceTree = "<group>";
		};
		060B1CBB1D27449C00C8D8B7 /* Controller */ = {
			isa = PBXGroup;
			children = (
				060B1CBC1D27449C00C8D8B7 /* YHNewViewController.h */,
				060B1CBD1D27449C00C8D8B7 /* YHNewViewController.m */,
			);
			path = Controller;
			sourceTree = "<group>";
		};
		060B1CBE1D27449C00C8D8B7 /* Model */ = {
			isa = PBXGroup;
			children = (
			);
			path = Model;
			sourceTree = "<group>";
		};
		060B1CBF1D27449C00C8D8B7 /* View */ = {
			isa = PBXGroup;
			children = (
			);
			path = View;
			sourceTree = "<group>";
		};
		060B1CC01D27449C00C8D8B7 /* Other-其他 */ = {
			isa = PBXGroup;
			children = (
				060B1CC91D27449C00C8D8B7 /* main.m */,
				060B1CC11D27449C00C8D8B7 /* AppDelegate.h */,
				060B1CC21D27449C00C8D8B7 /* AppDelegate.m */,
				060B1CCA1D27449C00C8D8B7 /* PrefixHeader.pch */,
				060B1CC31D27449C00C8D8B7 /* Category */,
				060B1CC61D27449C00C8D8B7 /* Controller */,
				060B1CCB1D27449C00C8D8B7 /* View */,
			);
			path = "Other-其他";
			sourceTree = "<group>";
		};
		060B1CC31D27449C00C8D8B7 /* Category */ = {
			isa = PBXGroup;
			children = (
				060B1CC41D27449C00C8D8B7 /* UIView+Extension.h */,
				060B1CC51D27449C00C8D8B7 /* UIView+Extension.m */,
				060B1CD81D2752CC00C8D8B7 /* UIBarButtonItem+YHExtension.h */,
				060B1CD91D2752CC00C8D8B7 /* UIBarButtonItem+YHExtension.m */,
			);
			path = Category;
			sourceTree = "<group>";
		};
		060B1CC61D27449C00C8D8B7 /* Controller */ = {
			isa = PBXGroup;
			children = (
				06F8E1C11D28B6F4002BF218 /* YHNavigationController.h */,
				06F8E1C21D28B6F4002BF218 /* YHNavigationController.m */,
				060B1CC71D27449C00C8D8B7 /* YHTabBarController.h */,
				060B1CC81D27449C00C8D8B7 /* YHTabBarController.m */,
				0647680F1D2BAE2F00A22415 /* YHLoginRegisterViewController.h */,
				064768101D2BAE2F00A22415 /* YHLoginRegisterViewController.m */,
				064768111D2BAE2F00A22415 /* YHLoginRegisterViewController.xib */,
			);
			path = Controller;
			sourceTree = "<group>";
		};
		060B1CCB1D27449C00C8D8B7 /* View */ = {
			isa = PBXGroup;
			children = (
				060B1CCC1D27449C00C8D8B7 /* YHTabBar.h */,
				060B1CCD1D27449C00C8D8B7 /* YHTabBar.m */,
				064768141D2BB05C00A22415 /* YHUIButton.h */,
				064768151D2BB05C00A22415 /* YHUIButton.m */,
			);
			path = View;
			sourceTree = "<group>";
		};
		06F431C31D1C25D2003D41E1 = {
			isa = PBXGroup;
			children = (
				06F431CE1D1C25D2003D41E1 /* 百思不得姐 */,
				06F431E81D1C25D2003D41E1 /* 百思不得姐Tests */,
				06F431F31D1C25D2003D41E1 /* 百思不得姐UITests */,
				06F431CD1D1C25D2003D41E1 /* Products */,
			);
			sourceTree = "<group>";
		};
		06F431CD1D1C25D2003D41E1 /* Products */ = {
			isa = PBXGroup;
			children = (
				06F431CC1D1C25D2003D41E1 /* 百思不得姐.app */,
				06F431E51D1C25D2003D41E1 /* 百思不得姐Tests.xctest */,
				06F431F01D1C25D2003D41E1 /* 百思不得姐UITests.xctest */,
			);
			name = Products;
			sourceTree = "<group>";
		};
		06F431CE1D1C25D2003D41E1 /* 百思不得姐 */ = {
			isa = PBXGroup;
			children = (
				060B1CA71D27449C00C8D8B7 /* Classes */,
				06F431CF1D1C25D2003D41E1 /* Supporting Files */,
			);
			path = "百思不得姐";
			sourceTree = "<group>";
		};
		06F431CF1D1C25D2003D41E1 /* Supporting Files */ = {
			isa = PBXGroup;
			children = (
				06F431DB1D1C25D2003D41E1 /* Assets.xcassets */,
				06F431E01D1C25D2003D41E1 /* Info.plist */,
			);
			name = "Supporting Files";
			sourceTree = "<group>";
		};
		06F431E81D1C25D2003D41E1 /* 百思不得姐Tests */ = {
			isa = PBXGroup;
			children = (
				06F431E91D1C25D2003D41E1 /* _____Tests.m */,
				06F431EB1D1C25D2003D41E1 /* Info.plist */,
			);
			path = "百思不得姐Tests";
			sourceTree = "<group>";
		};
		06F431F31D1C25D2003D41E1 /* 百思不得姐UITests */ = {
			isa = PBXGroup;
			children = (
				06F431F41D1C25D2003D41E1 /* _____UITests.m */,
				06F431F61D1C25D2003D41E1 /* Info.plist */,
			);
			path = "百思不得姐UITests";
			sourceTree = "<group>";
		};
/* End PBXGroup section */

/* Begin PBXNativeTarget section */
		06F431CB1D1C25D2003D41E1 /* 百思不得姐 */ = {
			isa = PBXNativeTarget;
			buildConfigurationList = 06F431F91D1C25D2003D41E1 /* Build configuration list for PBXNativeTarget "百思不得姐" */;
			buildPhases = (
				06F431C81D1C25D2003D41E1 /* Sources */,
				06F431C91D1C25D2003D41E1 /* Frameworks */,
				06F431CA1D1C25D2003D41E1 /* Resources */,
			);
			buildRules = (
			);
			dependencies = (
			);
			name = "百思不得姐";
			productName = "百思不得姐";
			productReference = 06F431CC1D1C25D2003D41E1 /* 百思不得姐.app */;
			productType = "com.apple.product-type.application";
		};
		06F431E41D1C25D2003D41E1 /* 百思不得姐Tests */ = {
			isa = PBXNativeTarget;
			buildConfigurationList = 06F431FC1D1C25D2003D41E1 /* Build configuration list for PBXNativeTarget "百思不得姐Tests" */;
			buildPhases = (
				06F431E11D1C25D2003D41E1 /* Sources */,
				06F431E21D1C25D2003D41E1 /* Frameworks */,
				06F431E31D1C25D2003D41E1 /* Resources */,
			);
			buildRules = (
			);
			dependencies = (
				06F431E71D1C25D2003D41E1 /* PBXTargetDependency */,
			);
			name = "百思不得姐Tests";
			productName = "百思不得姐Tests";
			productReference = 06F431E51D1C25D2003D41E1 /* 百思不得姐Tests.xctest */;
			productType = "com.apple.product-type.bundle.unit-test";
		};
		06F431EF1D1C25D2003D41E1 /* 百思不得姐UITests */ = {
			isa = PBXNativeTarget;
			buildConfigurationList = 06F431FF1D1C25D2003D41E1 /* Build configuration list for PBXNativeTarget "百思不得姐UITests" */;
			buildPhases = (
				06F431EC1D1C25D2003D41E1 /* Sources */,
				06F431ED1D1C25D2003D41E1 /* Frameworks */,
				06F431EE1D1C25D2003D41E1 /* Resources */,
			);
			buildRules = (
			);
			dependencies = (
				06F431F21D1C25D2003D41E1 /* PBXTargetDependency */,
			);
			name = "百思不得姐UITests";
			productName = "百思不得姐UITests";
			productReference = 06F431F01D1C25D2003D41E1 /* 百思不得姐UITests.xctest */;
			productType = "com.apple.product-type.bundle.ui-testing";
		};
/* End PBXNativeTarget section */

/* Begin PBXProject section */
		06F431C41D1C25D2003D41E1 /* Project object */ = {
			isa = PBXProject;
			attributes = {
				CLASSPREFIX = YH;
				LastUpgradeCheck = 0720;
				ORGANIZATIONNAME = zyh;
				TargetAttributes = {
					06F431CB1D1C25D2003D41E1 = {
						CreatedOnToolsVersion = 7.2;
					};
					06F431E41D1C25D2003D41E1 = {
						CreatedOnToolsVersion = 7.2;
						TestTargetID = 06F431CB1D1C25D2003D41E1;
					};
					06F431EF1D1C25D2003D41E1 = {
						CreatedOnToolsVersion = 7.2;
						TestTargetID = 06F431CB1D1C25D2003D41E1;
					};
				};
			};
			buildConfigurationList = 06F431C71D1C25D2003D41E1 /* Build configuration list for PBXProject "百思不得姐" */;
			compatibilityVersion = "Xcode 3.2";
			developmentRegion = English;
			hasScannedForEncodings = 0;
			knownRegions = (
				en,
				Base,
			);
			mainGroup = 06F431C31D1C25D2003D41E1;
			productRefGroup = 06F431CD1D1C25D2003D41E1 /* Products */;
			projectDirPath = "";
			projectRoot = "";
			targets = (
				06F431CB1D1C25D2003D41E1 /* 百思不得姐 */,
				06F431E41D1C25D2003D41E1 /* 百思不得姐Tests */,
				06F431EF1D1C25D2003D41E1 /* 百思不得姐UITests */,
			);
		};
/* End PBXProject section */

/* Begin PBXResourcesBuildPhase section */
		06F431CA1D1C25D2003D41E1 /* Resources */ = {
			isa = PBXResourcesBuildPhase;
			buildActionMask = 2147483647;
			files = (
				064768131D2BAE2F00A22415 /* YHLoginRegisterViewController.xib in Resources */,
				068461151D2E99D3007C7644 /* YHFollowViewController.xib in Resources */,
				06F431DC1D1C25D2003D41E1 /* Assets.xcassets in Resources */,
			);
			runOnlyForDeploymentPostprocessing = 0;
		};
		06F431E31D1C25D2003D41E1 /* Resources */ = {
			isa = PBXResourcesBuildPhase;
			buildActionMask = 2147483647;
			files = (
			);
			runOnlyForDeploymentPostprocessing = 0;
		};
		06F431EE1D1C25D2003D41E1 /* Resources */ = {
			isa = PBXResourcesBuildPhase;
			buildActionMask = 2147483647;
			files = (
			);
			runOnlyForDeploymentPostprocessing = 0;
		};
/* End PBXResourcesBuildPhase section */

/* Begin PBXSourcesBuildPhase section */
		06F431C81D1C25D2003D41E1 /* Sources */ = {
			isa = PBXSourcesBuildPhase;
			buildActionMask = 2147483647;
			files = (
				06F8E1C31D28B6F4002BF218 /* YHNavigationController.m in Sources */,
				060B1CD31D27449C00C8D8B7 /* UIView+Extension.m in Sources */,
				060B1CCF1D27449C00C8D8B7 /* YHFollowViewController.m in Sources */,
				060B1CD01D27449C00C8D8B7 /* YHMeViewController.m in Sources */,
				060B1CD11D27449C00C8D8B7 /* YHNewViewController.m in Sources */,
				064768121D2BAE2F00A22415 /* YHLoginRegisterViewController.m in Sources */,
				064768161D2BB05C00A22415 /* YHUIButton.m in Sources */,
				060B1CD41D27449C00C8D8B7 /* YHTabBarController.m in Sources */,
				06F8E1C01D28A91F002BF218 /* YHRecommentFollowViewController.m in Sources */,
				060B1CDA1D2752CC00C8D8B7 /* UIBarButtonItem+YHExtension.m in Sources */,
				060B1CD61D27449C00C8D8B7 /* YHTabBar.m in Sources */,
				060B1CCE1D27449C00C8D8B7 /* YHEssenceViewController.m in Sources */,
				060B1CD51D27449C00C8D8B7 /* main.m in Sources */,
				060B1CD21D27449C00C8D8B7 /* AppDelegate.m in Sources */,
			);
			runOnlyForDeploymentPostprocessing = 0;
		};
		06F431E11D1C25D2003D41E1 /* Sources */ = {
			isa = PBXSourcesBuildPhase;
			buildActionMask = 2147483647;
			files = (
				06F431EA1D1C25D2003D41E1 /* _____Tests.m in Sources */,
			);
			runOnlyForDeploymentPostprocessing = 0;
		};
		06F431EC1D1C25D2003D41E1 /* Sources */ = {
			isa = PBXSourcesBuildPhase;
			buildActionMask = 2147483647;
			files = (
				06F431F51D1C25D2003D41E1 /* _____UITests.m in Sources */,
			);
			runOnlyForDeploymentPostprocessing = 0;
		};
/* End PBXSourcesBuildPhase section */

/* Begin PBXTargetDependency section */
		06F431E71D1C25D2003D41E1 /* PBXTargetDependency */ = {
			isa = PBXTargetDependency;
			target = 06F431CB1D1C25D2003D41E1 /* 百思不得姐 */;
			targetProxy = 06F431E61D1C25D2003D41E1 /* PBXContainerItemProxy */;
		};
		06F431F21D1C25D2003D41E1 /* PBXTargetDependency */ = {
			isa = PBXTargetDependency;
			target = 06F431CB1D1C25D2003D41E1 /* 百思不得姐 */;
			targetProxy = 06F431F11D1C25D2003D41E1 /* PBXContainerItemProxy */;
		};
/* End PBXTargetDependency section */

/* Begin XCBuildConfiguration section */
		06F431F71D1C25D2003D41E1 /* Debug */ = {
			isa = XCBuildConfiguration;
			buildSettings = {
				ALWAYS_SEARCH_USER_PATHS = NO;
				CLANG_CXX_LANGUAGE_STANDARD = "gnu++0x";
				CLANG_CXX_LIBRARY = "libc++";
				CLANG_ENABLE_MODULES = YES;
				CLANG_ENABLE_OBJC_ARC = YES;
				CLANG_WARN_BOOL_CONVERSION = YES;
				CLANG_WARN_CONSTANT_CONVERSION = YES;
				CLANG_WARN_DIRECT_OBJC_ISA_USAGE = YES_ERROR;
				CLANG_WARN_EMPTY_BODY = YES;
				CLANG_WARN_ENUM_CONVERSION = YES;
				CLANG_WARN_INT_CONVERSION = YES;
				CLANG_WARN_OBJC_ROOT_CLASS = YES_ERROR;
				CLANG_WARN_UNREACHABLE_CODE = YES;
				CLANG_WARN__DUPLICATE_METHOD_MATCH = YES;
				"CODE_SIGN_IDENTITY[sdk=iphoneos*]" = "iPhone Developer";
				COPY_PHASE_STRIP = NO;
				DEBUG_INFORMATION_FORMAT = dwarf;
				ENABLE_STRICT_OBJC_MSGSEND = YES;
				ENABLE_TESTABILITY = YES;
				GCC_C_LANGUAGE_STANDARD = gnu99;
				GCC_DYNAMIC_NO_PIC = NO;
				GCC_NO_COMMON_BLOCKS = YES;
				GCC_OPTIMIZATION_LEVEL = 0;
				GCC_PREPROCESSOR_DEFINITIONS = (
					"DEBUG=1",
					"$(inherited)",
				);
				GCC_WARN_64_TO_32_BIT_CONVERSION = YES;
				GCC_WARN_ABOUT_RETURN_TYPE = YES_ERROR;
				GCC_WARN_UNDECLARED_SELECTOR = YES;
				GCC_WARN_UNINITIALIZED_AUTOS = YES_AGGRESSIVE;
				GCC_WARN_UNUSED_FUNCTION = YES;
				GCC_WARN_UNUSED_VARIABLE = YES;
				IPHONEOS_DEPLOYMENT_TARGET = 9.2;
				MTL_ENABLE_DEBUG_INFO = YES;
				ONLY_ACTIVE_ARCH = YES;
				SDKROOT = iphoneos;
				TARGETED_DEVICE_FAMILY = "1,2";
			};
			name = Debug;
		};
		06F431F81D1C25D2003D41E1 /* Release */ = {
			isa = XCBuildConfiguration;
			buildSettings = {
				ALWAYS_SEARCH_USER_PATHS = NO;
				CLANG_CXX_LANGUAGE_STANDARD = "gnu++0x";
				CLANG_CXX_LIBRARY = "libc++";
				CLANG_ENABLE_MODULES = YES;
				CLANG_ENABLE_OBJC_ARC = YES;
				CLANG_WARN_BOOL_CONVERSION = YES;
				CLANG_WARN_CONSTANT_CONVERSION = YES;
				CLANG_WARN_DIRECT_OBJC_ISA_USAGE = YES_ERROR;
				CLANG_WARN_EMPTY_BODY = YES;
				CLANG_WARN_ENUM_CONVERSION = YES;
				CLANG_WARN_INT_CONVERSION = YES;
				CLANG_WARN_OBJC_ROOT_CLASS = YES_ERROR;
				CLANG_WARN_UNREACHABLE_CODE = YES;
				CLANG_WARN__DUPLICATE_METHOD_MATCH = YES;
				"CODE_SIGN_IDENTITY[sdk=iphoneos*]" = "iPhone Developer";
				COPY_PHASE_STRIP = NO;
				DEBUG_INFORMATION_FORMAT = "dwarf-with-dsym";
				ENABLE_NS_ASSERTIONS = NO;
				ENABLE_STRICT_OBJC_MSGSEND = YES;
				GCC_C_LANGUAGE_STANDARD = gnu99;
				GCC_NO_COMMON_BLOCKS = YES;
				GCC_WARN_64_TO_32_BIT_CONVERSION = YES;
				GCC_WARN_ABOUT_RETURN_TYPE = YES_ERROR;
				GCC_WARN_UNDECLARED_SELECTOR = YES;
				GCC_WARN_UNINITIALIZED_AUTOS = YES_AGGRESSIVE;
				GCC_WARN_UNUSED_FUNCTION = YES;
				GCC_WARN_UNUSED_VARIABLE = YES;
				IPHONEOS_DEPLOYMENT_TARGET = 9.2;
				MTL_ENABLE_DEBUG_INFO = NO;
				SDKROOT = iphoneos;
				TARGETED_DEVICE_FAMILY = "1,2";
				VALIDATE_PRODUCT = YES;
			};
			name = Release;
		};
		06F431FA1D1C25D2003D41E1 /* Debug */ = {
			isa = XCBuildConfiguration;
			buildSettings = {
				ASSETCATALOG_COMPILER_APPICON_NAME = AppIcon;
				ASSETCATALOG_COMPILER_LAUNCHIMAGE_NAME = LaunchImage;
				GCC_INCREASE_PRECOMPILED_HEADER_SHARING = NO;
				GCC_PRECOMPILE_PREFIX_HEADER = NO;
				GCC_PREFIX_HEADER = "百思不得姐/Classes/Other-其他/PrefixHeader.pch";
				INFOPLIST_FILE = "百思不得姐/Info.plist";
				IPHONEOS_DEPLOYMENT_TARGET = 7.1;
				LD_RUNPATH_SEARCH_PATHS = "$(inherited) @executable_path/Frameworks";
				PRODUCT_BUNDLE_IDENTIFIER = "zyh.-----";
				PRODUCT_NAME = "$(TARGET_NAME)";
			};
			name = Debug;
		};
		06F431FB1D1C25D2003D41E1 /* Release */ = {
			isa = XCBuildConfiguration;
			buildSettings = {
				ASSETCATALOG_COMPILER_APPICON_NAME = AppIcon;
				ASSETCATALOG_COMPILER_LAUNCHIMAGE_NAME = LaunchImage;
				GCC_INCREASE_PRECOMPILED_HEADER_SHARING = NO;
				GCC_PRECOMPILE_PREFIX_HEADER = NO;
				GCC_PREFIX_HEADER = "百思不得姐/Classes/Other-其他/PrefixHeader.pch";
				INFOPLIST_FILE = "百思不得姐/Info.plist";
				IPHONEOS_DEPLOYMENT_TARGET = 7.1;
				LD_RUNPATH_SEARCH_PATHS = "$(inherited) @executable_path/Frameworks";
				PRODUCT_BUNDLE_IDENTIFIER = "zyh.-----";
				PRODUCT_NAME = "$(TARGET_NAME)";
			};
			name = Release;
		};
		06F431FD1D1C25D2003D41E1 /* Debug */ = {
			isa = XCBuildConfiguration;
			buildSettings = {
				BUNDLE_LOADER = "$(TEST_HOST)";
				INFOPLIST_FILE = "百思不得姐Tests/Info.plist";
				LD_RUNPATH_SEARCH_PATHS = "$(inherited) @executable_path/Frameworks @loader_path/Frameworks";
				PRODUCT_BUNDLE_IDENTIFIER = "zyh.-----Tests";
				PRODUCT_NAME = "$(TARGET_NAME)";
				TEST_HOST = "$(BUILT_PRODUCTS_DIR)/百思不得姐.app/百思不得姐";
			};
			name = Debug;
		};
		06F431FE1D1C25D2003D41E1 /* Release */ = {
			isa = XCBuildConfiguration;
			buildSettings = {
				BUNDLE_LOADER = "$(TEST_HOST)";
				INFOPLIST_FILE = "百思不得姐Tests/Info.plist";
				LD_RUNPATH_SEARCH_PATHS = "$(inherited) @executable_path/Frameworks @loader_path/Frameworks";
				PRODUCT_BUNDLE_IDENTIFIER = "zyh.-----Tests";
				PRODUCT_NAME = "$(TARGET_NAME)";
				TEST_HOST = "$(BUILT_PRODUCTS_DIR)/百思不得姐.app/百思不得姐";
			};
			name = Release;
		};
		06F432001D1C25D2003D41E1 /* Debug */ = {
			isa = XCBuildConfiguration;
			buildSettings = {
				INFOPLIST_FILE = "百思不得姐UITests/Info.plist";
				LD_RUNPATH_SEARCH_PATHS = "$(inherited) @executable_path/Frameworks @loader_path/Frameworks";
				PRODUCT_BUNDLE_IDENTIFIER = "zyh.-----UITests";
				PRODUCT_NAME = "$(TARGET_NAME)";
				TEST_TARGET_NAME = "百思不得姐";
				USES_XCTRUNNER = YES;
			};
			name = Debug;
		};
		06F432011D1C25D2003D41E1 /* Release */ = {
			isa = XCBuildConfiguration;
			buildSettings = {
				INFOPLIST_FILE = "百思不得姐UITests/Info.plist";
				LD_RUNPATH_SEARCH_PATHS = "$(inherited) @executable_path/Frameworks @loader_path/Frameworks";
				PRODUCT_BUNDLE_IDENTIFIER = "zyh.-----UITests";
				PRODUCT_NAME = "$(TARGET_NAME)";
				TEST_TARGET_NAME = "百思不得姐";
				USES_XCTRUNNER = YES;
			};
			name = Release;
		};
/* End XCBuildConfiguration section */

/* Begin XCConfigurationList section */
		06F431C71D1C25D2003D41E1 /* Build configuration list for PBXProject "百思不得姐" */ = {
			isa = XCConfigurationList;
			buildConfigurations = (
				06F431F71D1C25D2003D41E1 /* Debug */,
				06F431F81D1C25D2003D41E1 /* Release */,
			);
			defaultConfigurationIsVisible = 0;
			defaultConfigurationName = Release;
		};
		06F431F91D1C25D2003D41E1 /* Build configuration list for PBXNativeTarget "百思不得姐" */ = {
			isa = XCConfigurationList;
			buildConfigurations = (
				06F431FA1D1C25D2003D41E1 /* Debug */,
				06F431FB1D1C25D2003D41E1 /* Release */,
			);
			defaultConfigurationIsVisible = 0;
			defaultConfigurationName = Release;
		};
		06F431FC1D1C25D2003D41E1 /* Build configuration list for PBXNativeTarget "百思不得姐Tests" */ = {
			isa = XCConfigurationList;
			buildConfigurations = (
				06F431FD1D1C25D2003D41E1 /* Debug */,
				06F431FE1D1C25D2003D41E1 /* Release */,
			);
			defaultConfigurationIsVisible = 0;
			defaultConfigurationName = Release;
		};
		06F431FF1D1C25D2003D41E1 /* Build configuration list for PBXNativeTarget "百思不得姐UITests" */ = {
			isa = XCConfigurationList;
			buildConfigurations = (
				06F432001D1C25D2003D41E1 /* Debug */,
				06F432011D1C25D2003D41E1 /* Release */,
			);
			defaultConfigurationIsVisible = 0;
			defaultConfigurationName = Release;
		};
/* End XCConfigurationList section */
	};
	rootObject = 06F431C41D1C25D2003D41E1 /* Project object */;
}
